
Microsoft Visual Studio Solution File, Format Version 12.00
# Visual Studio Version 16
VisualStudioVersion = 16.0.30711.63
MinimumVisualStudioVersion = 10.0.40219.1
Project("{2150E333-8FDC-42A3-9474-1A3956D46DE8}") = "src", "src", "{EF4B4050-023B-4009-9FD7-20180883F55A}"
EndProject
Project("{9A19103F-16F7-4668-BE54-9A1E7A4F7556}") = "Redstone.Server", "src\Redstone.Server\Redstone.Server.csproj", "{9D0C06DF-6112-4A03-9FE2-548FA2105D9E}"
EndProject
Project("{E53339B2-1760-4266-BCC7-CA923CBCF16C}") = "docker-compose", "docker-compose.dcproj", "{326EB3AE-998B-4D19-A243-FBF5293299EF}"
EndProject
Project("{2150E333-8FDC-42A3-9474-1A3956D46DE8}") = "global", "global", "{3BF039C4-4899-4419-8261-976030E53377}"
	ProjectSection(SolutionItems) = preProject
		.dockerignore = .dockerignore
		.gitattributes = .gitattributes
		.gitignore = .gitignore
		LICENSE = LICENSE
		README.md = README.md
	EndProjectSection
EndProject
Project("{9A19103F-16F7-4668-BE54-9A1E7A4F7556}") = "Redstone.Protocol", "src\Redstone.Protocol\Redstone.Protocol.csproj", "{95345F60-D12B-4020-AA19-E60D282790C8}"
EndProject
Project("{2150E333-8FDC-42A3-9474-1A3956D46DE8}") = "tests", "tests", "{AE6964FA-6359-4548-A538-CE357A346E68}"
EndProject
Project("{9A19103F-16F7-4668-BE54-9A1E7A4F7556}") = "Redstone.Protocol.Tests", "tests\Redstone.Protocol.Tests\Redstone.Protocol.Tests.csproj", "{B316CC8B-712F-441B-A497-20AF64720997}"
EndProject
Project("{9A19103F-16F7-4668-BE54-9A1E7A4F7556}") = "Redstone.Common", "src\Redstone.Common\Redstone.Common.csproj", "{49C03517-A92B-4DA2-B082-C0D6211EBBBB}"
EndProject
Project("{9A19103F-16F7-4668-BE54-9A1E7A4F7556}") = "Redstone.Configuration.Yaml", "src\Redstone.Configuration.Yaml\Redstone.Configuration.Yaml.csproj", "{5435DD1A-09E8-44DA-8499-D9137F3578DC}"
EndProject
Project("{9A19103F-16F7-4668-BE54-9A1E7A4F7556}") = "Redstone.NBT", "src\Redstone.NBT\Redstone.NBT.csproj", "{DDF27A4F-D32B-4459-A718-1FFD010EDFE4}"
EndProject
Project("{9A19103F-16F7-4668-BE54-9A1E7A4F7556}") = "Redstone.NBT.Tests", "tests\Redstone.NBT.Tests\Redstone.NBT.Tests.csproj", "{D8D7444F-6D0B-4CAB-B30B-B542CE9A3DBE}"
EndProject
Project("{2150E333-8FDC-42A3-9474-1A3956D46DE8}") = "abstractions", "abstractions", "{3A3834B3-819A-4F41-ACA6-7F18EC1050AA}"
EndProject
Global
	GlobalSection(SolutionConfigurationPlatforms) = preSolution
		Debug|Any CPU = Debug|Any CPU
		Release|Any CPU = Release|Any CPU
	EndGlobalSection
	GlobalSection(ProjectConfigurationPlatforms) = postSolution
		{9D0C06DF-6112-4A03-9FE2-548FA2105D9E}.Debug|Any CPU.ActiveCfg = Debug|Any CPU
		{9D0C06DF-6112-4A03-9FE2-548FA2105D9E}.Debug|Any CPU.Build.0 = Debug|Any CPU
		{9D0C06DF-6112-4A03-9FE2-548FA2105D9E}.Release|Any CPU.ActiveCfg = Release|Any CPU
		{9D0C06DF-6112-4A03-9FE2-548FA2105D9E}.Release|Any CPU.Build.0 = Release|Any CPU
		{326EB3AE-998B-4D19-A243-FBF5293299EF}.Debug|Any CPU.ActiveCfg = Debug|Any CPU
		{326EB3AE-998B-4D19-A243-FBF5293299EF}.Debug|Any CPU.Build.0 = Debug|Any CPU
		{326EB3AE-998B-4D19-A243-FBF5293299EF}.Release|Any CPU.ActiveCfg = Release|Any CPU
		{326EB3AE-998B-4D19-A243-FBF5293299EF}.Release|Any CPU.Build.0 = Release|Any CPU
		{95345F60-D12B-4020-AA19-E60D282790C8}.Debug|Any CPU.ActiveCfg = Debug|Any CPU
		{95345F60-D12B-4020-AA19-E60D282790C8}.Debug|Any CPU.Build.0 = Debug|Any CPU
		{95345F60-D12B-4020-AA19-E60D282790C8}.Release|Any CPU.ActiveCfg = Release|Any CPU
		{95345F60-D12B-4020-AA19-E60D282790C8}.Release|Any CPU.Build.0 = Release|Any CPU
		{B316CC8B-712F-441B-A497-20AF64720997}.Debug|Any CPU.ActiveCfg = Debug|Any CPU
		{B316CC8B-712F-441B-A497-20AF64720997}.Debug|Any CPU.Build.0 = Debug|Any CPU
		{B316CC8B-712F-441B-A497-20AF64720997}.Release|Any CPU.ActiveCfg = Release|Any CPU
		{B316CC8B-712F-441B-A497-20AF64720997}.Release|Any CPU.Build.0 = Release|Any CPU
		{49C03517-A92B-4DA2-B082-C0D6211EBBBB}.Debug|Any CPU.ActiveCfg = Debug|Any CPU
		{49C03517-A92B-4DA2-B082-C0D6211EBBBB}.Debug|Any CPU.Build.0 = Debug|Any CPU
		{49C03517-A92B-4DA2-B082-C0D6211EBBBB}.Release|Any CPU.ActiveCfg = Release|Any CPU
		{49C03517-A92B-4DA2-B082-C0D6211EBBBB}.Release|Any CPU.Build.0 = Release|Any CPU
		{5435DD1A-09E8-44DA-8499-D9137F3578DC}.Debug|Any CPU.ActiveCfg = Debug|Any CPU
		{5435DD1A-09E8-44DA-8499-D9137F3578DC}.Debug|Any CPU.Build.0 = Debug|Any CPU
		{5435DD1A-09E8-44DA-8499-D9137F3578DC}.Release|Any CPU.ActiveCfg = Release|Any CPU
		{5435DD1A-09E8-44DA-8499-D9137F3578DC}.Release|Any CPU.Build.0 = Release|Any CPU
		{DDF27A4F-D32B-4459-A718-1FFD010EDFE4}.Debug|Any CPU.ActiveCfg = Debug|Any CPU
		{DDF27A4F-D32B-4459-A718-1FFD010EDFE4}.Debug|Any CPU.Build.0 = Debug|Any CPU
		{DDF27A4F-D32B-4459-A718-1FFD010EDFE4}.Release|Any CPU.ActiveCfg = Release|Any CPU
		{DDF27A4F-D32B-4459-A718-1FFD010EDFE4}.Release|Any CPU.Build.0 = Release|Any CPU
		{D8D7444F-6D0B-4CAB-B30B-B542CE9A3DBE}.Debug|Any CPU.ActiveCfg = Debug|Any CPU
		{D8D7444F-6D0B-4CAB-B30B-B542CE9A3DBE}.Debug|Any CPU.Build.0 = Debug|Any CPU
		{D8D7444F-6D0B-4CAB-B30B-B542CE9A3DBE}.Release|Any CPU.ActiveCfg = Release|Any CPU
		{D8D7444F-6D0B-4CAB-B30B-B542CE9A3DBE}.Release|Any CPU.Build.0 = Release|Any CPU
	EndGlobalSection
	GlobalSection(SolutionProperties) = preSolution
		HideSolutionNode = FALSE
	EndGlobalSection
	GlobalSection(NestedProjects) = preSolution
		{9D0C06DF-6112-4A03-9FE2-548FA2105D9E} = {EF4B4050-023B-4009-9FD7-20180883F55A}
		{95345F60-D12B-4020-AA19-E60D282790C8} = {EF4B4050-023B-4009-9FD7-20180883F55A}
		{B316CC8B-712F-441B-A497-20AF64720997} = {AE6964FA-6359-4548-A538-CE357A346E68}
		{49C03517-A92B-4DA2-B082-C0D6211EBBBB} = {EF4B4050-023B-4009-9FD7-20180883F55A}
		{5435DD1A-09E8-44DA-8499-D9137F3578DC} = {EF4B4050-023B-4009-9FD7-20180883F55A}
		{DDF27A4F-D32B-4459-A718-1FFD010EDFE4} = {EF4B4050-023B-4009-9FD7-20180883F55A}
		{D8D7444F-6D0B-4CAB-B30B-B542CE9A3DBE} = {AE6964FA-6359-4548-A538-CE357A346E68}
		{3A3834B3-819A-4F41-ACA6-7F18EC1050AA} = {EF4B4050-023B-4009-9FD7-20180883F55A}
	EndGlobalSection
	GlobalSection(ExtensibilityGlobals) = postSolution
		SolutionGuid = {978B7507-DC0B-478F-85D5-36AE4E3B0F9C}
	EndGlobalSection
EndGlobal
